{
    "_meta": {
        "hash": {
            "sha256": "1ae8d0bd64df79a5f42776469ada7b67fd9ed886bbffaeded419ae406040535b"
        },
        "pipfile-spec": 6,
        "requires": {
            "python_version": "3.6"
        },
        "sources": [
            {
                "name": "pypi",
                "url": "https://pypi.org/simple",
                "verify_ssl": true
            }
        ]
    },
    "default": {
        "backend": {
            "path": "."
        }
    },
    "develop": {}
}
